
Microsoft Visual Studio Solution File, Format Version 12.00
# Visual Studio Version 16
VisualStudioVersion = 16.0.29326.143
MinimumVisualStudioVersion = 10.0.40219.1
Project("{FAE04EC0-301F-11D3-BF4B-00C04F79EFBC}") = "برمجة متقدمة 2", "برمجة متقدمة 2\برمجة متقدمة 2.csproj", "{4F735721-F8D4-4E52-89F0-103A0FCF0C9B}"
EndProject
Global
	GlobalSection(SolutionConfigurationPlatforms) = preSolution
		Debug|Any CPU = Debug|Any CPU
		Release|Any CPU = Release|Any CPU
	EndGlobalSection
	GlobalSection(ProjectConfigurationPlatforms) = postSolution
		{4F735721-F8D4-4E52-89F0-103A0FCF0C9B}.Debug|Any CPU.ActiveCfg = Debug|Any CPU
		{4F735721-F8D4-4E52-89F0-103A0FCF0C9B}.Debug|Any CPU.Build.0 = Debug|Any CPU
		{4F735721-F8D4-4E52-89F0-103A0FCF0C9B}.Release|Any CPU.ActiveCfg = Release|Any CPU
		{4F735721-F8D4-4E52-89F0-103A0FCF0C9B}.Release|Any CPU.Build.0 = Release|Any CPU
	EndGlobalSection
	GlobalSection(SolutionProperties) = preSolution
		HideSolutionNode = FALSE
	EndGlobalSection
	GlobalSection(ExtensibilityGlobals) = postSolution
		SolutionGuid = {07BBF5FD-637D-488F-9AAC-40E6101415C0}
	EndGlobalSection
EndGlobal
